lockfileVersion: '9.0'

settings:
  autoInstallPeers: true
  excludeLinksFromLockfile: false

importers:

  .:
    devDependencies:
      jotai:
        specifier: ^2.10.0
        version: 2.20.1
      typescript:
        specifier: ^5.6.2
        version: 5.9.3

packages:

  jotai@2.20.1:
    resolution: {integrity: sha512-dnuKfU/GLi8B28RRMjQ3AfoN7kfzP8o41+AX2FmITZqEMY8PHnjABq+VkEooomLwYaGjda+pgy0yFSjaHX/ZPg==}
    engines: {node: '>=12.20.0'}
    peerDependencies:
      '@babel/core': '>=7.0.0'
      '@babel/template': '>=7.0.0'
      '@types/react': '>=17.0.0'
      react: '>=17.0.0'
    peerDependenciesMeta:
      '@babel/core':
        optional: true
      '@babel/template':
        optional: true
      '@types/react':
        optional: true
      react:
        optional: true

  typescript@5.9.3:
    resolution: {integrity: sha512-jl1vZzPDinLr9eUt3J/t7V6FgNEw9QjvBPdysz9KfQDD41fQrC2Y4vKQdiaUpFT4bXlb1RHhLpp8wtm6M5TgSw==}
    engines: {node: '>=14.17'}
    hasBin: true

snapshots:

  jotai@2.20.1: {}

  typescript@5.9.3: {}
